// !$*UTF8*$!
{
	archiveVersion = 1;
	classes = {
	};
	objectVersion = 46;
	objects = {

/* Begin PBXBuildFile section */
		807D14141E22537C00EEE7F2 /* Error.swift in Sources */ = {isa = PBXBuildFile; fileRef = 807D14131E22537C00EEE7F2 /* Error.swift */; };
		807D14161E2253BA00EEE7F2 /* Result.swift in Sources */ = {isa = PBXBuildFile; fileRef = 807D14151E2253BA00EEE7F2 /* Result.swift */; };
		80A5E7381E1F29D60087AC3B /* ImageDissector.framework in Frameworks */ = {isa = PBXBuildFile; fileRef = 80A5E72E1E1F29D60087AC3B /* ImageDissector.framework */; };
		80A5E73D1E1F29D60087AC3B /* ImageDissectorTests.swift in Sources */ = {isa = PBXBuildFile; fileRef = 80A5E73C1E1F29D60087AC3B /* ImageDissectorTests.swift */; };
		80A5E73F1E1F29D60087AC3B /* ImageDissector.h in Headers */ = {isa = PBXBuildFile; fileRef = 80A5E7311E1F29D60087AC3B /* ImageDissector.h */; settings = {ATTRIBUTES = (Public, ); }; };
		80A5E74A1E1F2A000087AC3B /* Type.swift in Sources */ = {isa = PBXBuildFile; fileRef = 80A5E7491E1F2A000087AC3B /* Type.swift */; };
		80A5E74C1E1F2A9A0087AC3B /* ImageDissector.swift in Sources */ = {isa = PBXBuildFile; fileRef = 80A5E74B1E1F2A9A0087AC3B /* ImageDissector.swift */; };
		80A5E74E1E1F2B480087AC3B /* JPEGParser.swift in Sources */ = {isa = PBXBuildFile; fileRef = 80A5E74D1E1F2B480087AC3B /* JPEGParser.swift */; };
		80A5E75B1E1F663D0087AC3B /* DissectOperation.swift in Sources */ = {isa = PBXBuildFile; fileRef = 80A5E75A1E1F663D0087AC3B /* DissectOperation.swift */; };
		80A5E7601E1F73570087AC3B /* ExtractSizeTests.swift in Sources */ = {isa = PBXBuildFile; fileRef = 80A5E75F1E1F73570087AC3B /* ExtractSizeTests.swift */; };
		80A5E7621E1F752A0087AC3B /* DetectImageTypeTests.swift in Sources */ = {isa = PBXBuildFile; fileRef = 80A5E7611E1F752A0087AC3B /* DetectImageTypeTests.swift */; };
		80A5E7641E1F76610087AC3B /* TestData.swift in Sources */ = {isa = PBXBuildFile; fileRef = 80A5E7631E1F76610087AC3B /* TestData.swift */; };
		80A5E7661E1F77180087AC3B /* Size.swift in Sources */ = {isa = PBXBuildFile; fileRef = 80A5E7651E1F77180087AC3B /* Size.swift */; };
		80A5E7681E1F77AC0087AC3B /* ImageDissectSessionDelegate.swift in Sources */ = {isa = PBXBuildFile; fileRef = 80A5E7671E1F77AC0087AC3B /* ImageDissectSessionDelegate.swift */; };
		80A5E76A1E1F7A590087AC3B /* PerformanceTests.swift in Sources */ = {isa = PBXBuildFile; fileRef = 80A5E7691E1F7A590087AC3B /* PerformanceTests.swift */; };
		80A5E7751E1F8E7D0087AC3B /* SizeInjectionable.swift in Sources */ = {isa = PBXBuildFile; fileRef = 80A5E7741E1F8E7D0087AC3B /* SizeInjectionable.swift */; };
		80A5E7771E1F91E40087AC3B /* SizeInjectionTests.swift in Sources */ = {isa = PBXBuildFile; fileRef = 80A5E7761E1F91E40087AC3B /* SizeInjectionTests.swift */; };
		80A5E77E1E1FE77D0087AC3B /* ImageDissectOperationManager.swift in Sources */ = {isa = PBXBuildFile; fileRef = 80A5E77D1E1FE77D0087AC3B /* ImageDissectOperationManager.swift */; };
/* End PBXBuildFile section */

/* Begin PBXContainerItemProxy section */
		80A5E7391E1F29D60087AC3B /* PBXContainerItemProxy */ = {
			isa = PBXContainerItemProxy;
			containerPortal = 80A5E7251E1F29D60087AC3B /* Project object */;
			proxyType = 1;
			remoteGlobalIDString = 80A5E72D1E1F29D60087AC3B;
			remoteInfo = ImageDissector;
		};
/* End PBXContainerItemProxy section */

/* Begin PBXFileReference section */
		807D14131E22537C00EEE7F2 /* Error.swift */ = {isa = PBXFileReference; fileEncoding = 4; lastKnownFileType = sourcecode.swift; path = Error.swift; sourceTree = "<group>"; };
		807D14151E2253BA00EEE7F2 /* Result.swift */ = {isa = PBXFileReference; fileEncoding = 4; lastKnownFileType = sourcecode.swift; path = Result.swift; sourceTree = "<group>"; };
		80A5E72E1E1F29D60087AC3B /* ImageDissector.framework */ = {isa = PBXFileReference; explicitFileType = wrapper.framework; includeInIndex = 0; path = ImageDissector.framework; sourceTree = BUILT_PRODUCTS_DIR; };
		80A5E7311E1F29D60087AC3B /* ImageDissector.h */ = {isa = PBXFileReference; lastKnownFileType = sourcecode.c.h; path = ImageDissector.h; sourceTree = "<group>"; };
		80A5E7321E1F29D60087AC3B /* Info.plist */ = {isa = PBXFileReference; lastKnownFileType = text.plist.xml; path = Info.plist; sourceTree = "<group>"; };
		80A5E7371E1F29D60087AC3B /* ImageDissectorTests.xctest */ = {isa = PBXFileReference; explicitFileType = wrapper.cfbundle; includeInIndex = 0; path = ImageDissectorTests.xctest; sourceTree = BUILT_PRODUCTS_DIR; };
		80A5E73C1E1F29D60087AC3B /* ImageDissectorTests.swift */ = {isa = PBXFileReference; lastKnownFileType = sourcecode.swift; path = ImageDissectorTests.swift; sourceTree = "<group>"; };
		80A5E73E1E1F29D60087AC3B /* Info.plist */ = {isa = PBXFileReference; lastKnownFileType = text.plist.xml; path = Info.plist; sourceTree = "<group>"; };
		80A5E7491E1F2A000087AC3B /* Type.swift */ = {isa = PBXFileReference; fileEncoding = 4; lastKnownFileType = sourcecode.swift; path = Type.swift; sourceTree = "<group>"; };
		80A5E74B1E1F2A9A0087AC3B /* ImageDissector.swift */ = {isa = PBXFileReference; fileEncoding = 4; lastKnownFileType = sourcecode.swift; path = ImageDissector.swift; sourceTree = "<group>"; };
		80A5E74D1E1F2B480087AC3B /* JPEGParser.swift */ = {isa = PBXFileReference; fileEncoding = 4; lastKnownFileType = sourcecode.swift; path = JPEGParser.swift; sourceTree = "<group>"; };
		80A5E75A1E1F663D0087AC3B /* DissectOperation.swift */ = {isa = PBXFileReference; fileEncoding = 4; lastKnownFileType = sourcecode.swift; path = DissectOperation.swift; sourceTree = "<group>"; };
		80A5E75F1E1F73570087AC3B /* ExtractSizeTests.swift */ = {isa = PBXFileReference; fileEncoding = 4; lastKnownFileType = sourcecode.swift; path = ExtractSizeTests.swift; sourceTree = "<group>"; };
		80A5E7611E1F752A0087AC3B /* DetectImageTypeTests.swift */ = {isa = PBXFileReference; fileEncoding = 4; lastKnownFileType = sourcecode.swift; path = DetectImageTypeTests.swift; sourceTree = "<group>"; };
		80A5E7631E1F76610087AC3B /* TestData.swift */ = {isa = PBXFileReference; fileEncoding = 4; lastKnownFileType = sourcecode.swift; path = TestData.swift; sourceTree = "<group>"; };
		80A5E7651E1F77180087AC3B /* Size.swift */ = {isa = PBXFileReference; fileEncoding = 4; lastKnownFileType = sourcecode.swift; path = Size.swift; sourceTree = "<group>"; };
		80A5E7671E1F77AC0087AC3B /* ImageDissectSessionDelegate.swift */ = {isa = PBXFileReference; fileEncoding = 4; lastKnownFileType = sourcecode.swift; path = ImageDissectSessionDelegate.swift; sourceTree = "<group>"; };
		80A5E7691E1F7A590087AC3B /* PerformanceTests.swift */ = {isa = PBXFileReference; fileEncoding = 4; lastKnownFileType = sourcecode.swift; path = PerformanceTests.swift; sourceTree = "<group>"; };
		80A5E7741E1F8E7D0087AC3B /* SizeInjectionable.swift */ = {isa = PBXFileReference; fileEncoding = 4; lastKnownFileType = sourcecode.swift; path = SizeInjectionable.swift; sourceTree = "<group>"; };
		80A5E7761E1F91E40087AC3B /* SizeInjectionTests.swift */ = {isa = PBXFileReference; fileEncoding = 4; lastKnownFileType = sourcecode.swift; path = SizeInjectionTests.swift; sourceTree = "<group>"; };
		80A5E77D1E1FE77D0087AC3B /* ImageDissectOperationManager.swift */ = {isa = PBXFileReference; fileEncoding = 4; lastKnownFileType = sourcecode.swift; path = ImageDissectOperationManager.swift; sourceTree = "<group>"; };
/* End PBXFileReference section */

/* Begin PBXFrameworksBuildPhase section */
		80A5E72A1E1F29D60087AC3B /* Frameworks */ = {
			isa = PBXFrameworksBuildPhase;
			buildActionMask = 2147483647;
			files = (
			);
			runOnlyForDeploymentPostprocessing = 0;
		};
		80A5E7341E1F29D60087AC3B /* Frameworks */ = {
			isa = PBXFrameworksBuildPhase;
			buildActionMask = 2147483647;
			files = (
				80A5E7381E1F29D60087AC3B /* ImageDissector.framework in Frameworks */,
			);
			runOnlyForDeploymentPostprocessing = 0;
		};
/* End PBXFrameworksBuildPhase section */

/* Begin PBXGroup section */
		80A5E7241E1F29D60087AC3B = {
			isa = PBXGroup;
			children = (
				80A5E7301E1F29D60087AC3B /* ImageDissector */,
				80A5E73B1E1F29D60087AC3B /* ImageDissectorTests */,
				80A5E72F1E1F29D60087AC3B /* Products */,
			);
			sourceTree = "<group>";
		};
		80A5E72F1E1F29D60087AC3B /* Products */ = {
			isa = PBXGroup;
			children = (
				80A5E72E1E1F29D60087AC3B /* ImageDissector.framework */,
				80A5E7371E1F29D60087AC3B /* ImageDissectorTests.xctest */,
			);
			name = Products;
			sourceTree = "<group>";
		};
		80A5E7301E1F29D60087AC3B /* ImageDissector */ = {
			isa = PBXGroup;
			children = (
				80A5E77A1E1F9AFB0087AC3B /* Dissector */,
				80A5E75C1E1F725A0087AC3B /* Helper */,
				80A5E74F1E1F2B770087AC3B /* Entity */,
				80A5E7481E1F29F60087AC3B /* Value */,
				80A5E7311E1F29D60087AC3B /* ImageDissector.h */,
				80A5E7321E1F29D60087AC3B /* Info.plist */,
			);
			path = ImageDissector;
			sourceTree = "<group>";
		};
		80A5E73B1E1F29D60087AC3B /* ImageDissectorTests */ = {
			isa = PBXGroup;
			children = (
				80A5E73C1E1F29D60087AC3B /* ImageDissectorTests.swift */,
				80A5E75F1E1F73570087AC3B /* ExtractSizeTests.swift */,
				80A5E7611E1F752A0087AC3B /* DetectImageTypeTests.swift */,
				80A5E7691E1F7A590087AC3B /* PerformanceTests.swift */,
				80A5E7761E1F91E40087AC3B /* SizeInjectionTests.swift */,
				80A5E7631E1F76610087AC3B /* TestData.swift */,
				80A5E73E1E1F29D60087AC3B /* Info.plist */,
			);
			path = ImageDissectorTests;
			sourceTree = "<group>";
		};
		80A5E7481E1F29F60087AC3B /* Value */ = {
			isa = PBXGroup;
			children = (
				80A5E7491E1F2A000087AC3B /* Type.swift */,
				807D14131E22537C00EEE7F2 /* Error.swift */,
			);
			name = Value;
			sourceTree = "<group>";
		};
		80A5E74F1E1F2B770087AC3B /* Entity */ = {
			isa = PBXGroup;
			children = (
				80A5E7651E1F77180087AC3B /* Size.swift */,
				807D14151E2253BA00EEE7F2 /* Result.swift */,
			);
			name = Entity;
			sourceTree = "<group>";
		};
		80A5E75C1E1F725A0087AC3B /* Helper */ = {
			isa = PBXGroup;
			children = (
				80A5E74D1E1F2B480087AC3B /* JPEGParser.swift */,
			);
			name = Helper;
			sourceTree = "<group>";
		};
		80A5E77A1E1F9AFB0087AC3B /* Dissector */ = {
			isa = PBXGroup;
			children = (
				80A5E74B1E1F2A9A0087AC3B /* ImageDissector.swift */,
				80A5E75A1E1F663D0087AC3B /* DissectOperation.swift */,
				80A5E77D1E1FE77D0087AC3B /* ImageDissectOperationManager.swift */,
				80A5E7671E1F77AC0087AC3B /* ImageDissectSessionDelegate.swift */,
				80A5E7741E1F8E7D0087AC3B /* SizeInjectionable.swift */,
			);
			name = Dissector;
			sourceTree = "<group>";
		};
/* End PBXGroup section */

/* Begin PBXHeadersBuildPhase section */
		80A5E72B1E1F29D60087AC3B /* Headers */ = {
			isa = PBXHeadersBuildPhase;
			buildActionMask = 2147483647;
			files = (
				80A5E73F1E1F29D60087AC3B /* ImageDissector.h in Headers */,
			);
			runOnlyForDeploymentPostprocessing = 0;
		};
/* End PBXHeadersBuildPhase section */

/* Begin PBXNativeTarget section */
		80A5E72D1E1F29D60087AC3B /* ImageDissector */ = {
			isa = PBXNativeTarget;
			buildConfigurationList = 80A5E7421E1F29D60087AC3B /* Build configuration list for PBXNativeTarget "ImageDissector" */;
			buildPhases = (
				80A5E7291E1F29D60087AC3B /* Sources */,
				80A5E72A1E1F29D60087AC3B /* Frameworks */,
				80A5E72B1E1F29D60087AC3B /* Headers */,
				80A5E72C1E1F29D60087AC3B /* Resources */,
			);
			buildRules = (
			);
			dependencies = (
			);
			name = ImageDissector;
			productName = ImageDissector;
			productReference = 80A5E72E1E1F29D60087AC3B /* ImageDissector.framework */;
			productType = "com.apple.product-type.framework";
		};
		80A5E7361E1F29D60087AC3B /* ImageDissectorTests */ = {
			isa = PBXNativeTarget;
			buildConfigurationList = 80A5E7451E1F29D60087AC3B /* Build configuration list for PBXNativeTarget "ImageDissectorTests" */;
			buildPhases = (
				80A5E7331E1F29D60087AC3B /* Sources */,
				80A5E7341E1F29D60087AC3B /* Frameworks */,
				80A5E7351E1F29D60087AC3B /* Resources */,
			);
			buildRules = (
			);
			dependencies = (
				80A5E73A1E1F29D60087AC3B /* PBXTargetDependency */,
			);
			name = ImageDissectorTests;
			productName = ImageDissectorTests;
			productReference = 80A5E7371E1F29D60087AC3B /* ImageDissectorTests.xctest */;
			productType = "com.apple.product-type.bundle.unit-test";
		};
/* End PBXNativeTarget section */

/* Begin PBXProject section */
		80A5E7251E1F29D60087AC3B /* Project object */ = {
			isa = PBXProject;
			attributes = {
				LastSwiftUpdateCheck = 0810;
				LastUpgradeCheck = 0810;
				ORGANIZATIONNAME = chocoyama;
				TargetAttributes = {
					80A5E72D1E1F29D60087AC3B = {
						CreatedOnToolsVersion = 8.1;
						LastSwiftMigration = 0810;
						ProvisioningStyle = Automatic;
					};
					80A5E7361E1F29D60087AC3B = {
						CreatedOnToolsVersion = 8.1;
						ProvisioningStyle = Automatic;
					};
				};
			};
			buildConfigurationList = 80A5E7281E1F29D60087AC3B /* Build configuration list for PBXProject "ImageDissector" */;
			compatibilityVersion = "Xcode 3.2";
			developmentRegion = English;
			hasScannedForEncodings = 0;
			knownRegions = (
				en,
			);
			mainGroup = 80A5E7241E1F29D60087AC3B;
			productRefGroup = 80A5E72F1E1F29D60087AC3B /* Products */;
			projectDirPath = "";
			projectRoot = "";
			targets = (
				80A5E72D1E1F29D60087AC3B /* ImageDissector */,
				80A5E7361E1F29D60087AC3B /* ImageDissectorTests */,
			);
		};
/* End PBXProject section */

/* Begin PBXResourcesBuildPhase section */
		80A5E72C1E1F29D60087AC3B /* Resources */ = {
			isa = PBXResourcesBuildPhase;
			buildActionMask = 2147483647;
			files = (
			);
			runOnlyForDeploymentPostprocessing = 0;
		};
		80A5E7351E1F29D60087AC3B /* Resources */ = {
			isa = PBXResourcesBuildPhase;
			buildActionMask = 2147483647;
			files = (
			);
			runOnlyForDeploymentPostprocessing = 0;
		};
/* End PBXResourcesBuildPhase section */

/* Begin PBXSourcesBuildPhase section */
		80A5E7291E1F29D60087AC3B /* Sources */ = {
			isa = PBXSourcesBuildPhase;
			buildActionMask = 2147483647;
			files = (
				80A5E7661E1F77180087AC3B /* Size.swift in Sources */,
				80A5E7681E1F77AC0087AC3B /* ImageDissectSessionDelegate.swift in Sources */,
				80A5E75B1E1F663D0087AC3B /* DissectOperation.swift in Sources */,
				80A5E74C1E1F2A9A0087AC3B /* ImageDissector.swift in Sources */,
				80A5E7751E1F8E7D0087AC3B /* SizeInjectionable.swift in Sources */,
				80A5E74A1E1F2A000087AC3B /* Type.swift in Sources */,
				807D14161E2253BA00EEE7F2 /* Result.swift in Sources */,
				80A5E74E1E1F2B480087AC3B /* JPEGParser.swift in Sources */,
				807D14141E22537C00EEE7F2 /* Error.swift in Sources */,
				80A5E77E1E1FE77D0087AC3B /* ImageDissectOperationManager.swift in Sources */,
			);
			runOnlyForDeploymentPostprocessing = 0;
		};
		80A5E7331E1F29D60087AC3B /* Sources */ = {
			isa = PBXSourcesBuildPhase;
			buildActionMask = 2147483647;
			files = (
				80A5E7771E1F91E40087AC3B /* SizeInjectionTests.swift in Sources */,
				80A5E7601E1F73570087AC3B /* ExtractSizeTests.swift in Sources */,
				80A5E7621E1F752A0087AC3B /* DetectImageTypeTests.swift in Sources */,
				80A5E73D1E1F29D60087AC3B /* ImageDissectorTests.swift in Sources */,
				80A5E76A1E1F7A590087AC3B /* PerformanceTests.swift in Sources */,
				80A5E7641E1F76610087AC3B /* TestData.swift in Sources */,
			);
			runOnlyForDeploymentPostprocessing = 0;
		};
/* End PBXSourcesBuildPhase section */

/* Begin PBXTargetDependency section */
		80A5E73A1E1F29D60087AC3B /* PBXTargetDependency */ = {
			isa = PBXTargetDependency;
			target = 80A5E72D1E1F29D60087AC3B /* ImageDissector */;
			targetProxy = 80A5E7391E1F29D60087AC3B /* PBXContainerItemProxy */;
		};
/* End PBXTargetDependency section */

/* Begin XCBuildConfiguration section */
		80A5E7401E1F29D60087AC3B /* Debug */ = {
			isa = XCBuildConfiguration;
			buildSettings = {
				ALWAYS_SEARCH_USER_PATHS = NO;
				CLANG_ANALYZER_NONNULL = YES;
				CLANG_CXX_LANGUAGE_STANDARD = "gnu++0x";
				CLANG_CXX_LIBRARY = "libc++";
				CLANG_ENABLE_MODULES = YES;
				CLANG_ENABLE_OBJC_ARC = YES;
				CLANG_WARN_BOOL_CONVERSION = YES;
				CLANG_WARN_CONSTANT_CONVERSION = YES;
				CLANG_WARN_DIRECT_OBJC_ISA_USAGE = YES_ERROR;
				CLANG_WARN_DOCUMENTATION_COMMENTS = YES;
				CLANG_WARN_EMPTY_BODY = YES;
				CLANG_WARN_ENUM_CONVERSION = YES;
				CLANG_WARN_INFINITE_RECURSION = YES;
				CLANG_WARN_INT_CONVERSION = YES;
				CLANG_WARN_OBJC_ROOT_CLASS = YES_ERROR;
				CLANG_WARN_SUSPICIOUS_MOVES = YES;
				CLANG_WARN_UNREACHABLE_CODE = YES;
				CLANG_WARN__DUPLICATE_METHOD_MATCH = YES;
				"CODE_SIGN_IDENTITY[sdk=iphoneos*]" = "iPhone Developer";
				COPY_PHASE_STRIP = NO;
				CURRENT_PROJECT_VERSION = 1;
				DEBUG_INFORMATION_FORMAT = dwarf;
				ENABLE_STRICT_OBJC_MSGSEND = YES;
				ENABLE_TESTABILITY = YES;
				GCC_C_LANGUAGE_STANDARD = gnu99;
				GCC_DYNAMIC_NO_PIC = NO;
				GCC_NO_COMMON_BLOCKS = YES;
				GCC_OPTIMIZATION_LEVEL = 0;
				GCC_PREPROCESSOR_DEFINITIONS = (
					"DEBUG=1",
					"$(inherited)",
				);
				GCC_WARN_64_TO_32_BIT_CONVERSION = YES;
				GCC_WARN_ABOUT_RETURN_TYPE = YES_ERROR;
				GCC_WARN_UNDECLARED_SELECTOR = YES;
				GCC_WARN_UNINITIALIZED_AUTOS = YES_AGGRESSIVE;
				GCC_WARN_UNUSED_FUNCTION = YES;
				GCC_WARN_UNUSED_VARIABLE = YES;
				IPHONEOS_DEPLOYMENT_TARGET = 10.1;
				MTL_ENABLE_DEBUG_INFO = YES;
				ONLY_ACTIVE_ARCH = YES;
				SDKROOT = iphoneos;
				SWIFT_ACTIVE_COMPILATION_CONDITIONS = DEBUG;
				SWIFT_OPTIMIZATION_LEVEL = "-Onone";
				TARGETED_DEVICE_FAMILY = "1,2";
				VERSIONING_SYSTEM = "apple-generic";
				VERSION_INFO_PREFIX = "";
			};
			name = Debug;
		};
		80A5E7411E1F29D60087AC3B /* Release */ = {
			isa = XCBuildConfiguration;
			buildSettings = {
				ALWAYS_SEARCH_USER_PATHS = NO;
				CLANG_ANALYZER_NONNULL = YES;
				CLANG_CXX_LANGUAGE_STANDARD = "gnu++0x";
				CLANG_CXX_LIBRARY = "libc++";
				CLANG_ENABLE_MODULES = YES;
				CLANG_ENABLE_OBJC_ARC = YES;
				CLANG_WARN_BOOL_CONVERSION = YES;
				CLANG_WARN_CONSTANT_CONVERSION = YES;
				CLANG_WARN_DIRECT_OBJC_ISA_USAGE = YES_ERROR;
				CLANG_WARN_DOCUMENTATION_COMMENTS = YES;
				CLANG_WARN_EMPTY_BODY = YES;
				CLANG_WARN_ENUM_CONVERSION = YES;
				CLANG_WARN_INFINITE_RECURSION = YES;
				CLANG_WARN_INT_CONVERSION = YES;
				CLANG_WARN_OBJC_ROOT_CLASS = YES_ERROR;
				CLANG_WARN_SUSPICIOUS_MOVES = YES;
				CLANG_WARN_UNREACHABLE_CODE = YES;
				CLANG_WARN__DUPLICATE_METHOD_MATCH = YES;
				"CODE_SIGN_IDENTITY[sdk=iphoneos*]" = "iPhone Developer";
				COPY_PHASE_STRIP = NO;
				CURRENT_PROJECT_VERSION = 1;
				DEBUG_INFORMATION_FORMAT = "dwarf-with-dsym";
				ENABLE_NS_ASSERTIONS = NO;
				ENABLE_STRICT_OBJC_MSGSEND = YES;
				GCC_C_LANGUAGE_STANDARD = gnu99;
				GCC_NO_COMMON_BLOCKS = YES;
				GCC_WARN_64_TO_32_BIT_CONVERSION = YES;
				GCC_WARN_ABOUT_RETURN_TYPE = YES_ERROR;
				GCC_WARN_UNDECLARED_SELECTOR = YES;
				GCC_WARN_UNINITIALIZED_AUTOS = YES_AGGRESSIVE;
				GCC_WARN_UNUSED_FUNCTION = YES;
				GCC_WARN_UNUSED_VARIABLE = YES;
				IPHONEOS_DEPLOYMENT_TARGET = 10.1;
				MTL_ENABLE_DEBUG_INFO = NO;
				SDKROOT = iphoneos;
				SWIFT_OPTIMIZATION_LEVEL = "-Owholemodule";
				TARGETED_DEVICE_FAMILY = "1,2";
				VALIDATE_PRODUCT = YES;
				VERSIONING_SYSTEM = "apple-generic";
				VERSION_INFO_PREFIX = "";
			};
			name = Release;
		};
		80A5E7431E1F29D60087AC3B /* Debug */ = {
			isa = XCBuildConfiguration;
			buildSettings = {
				CLANG_ENABLE_MODULES = YES;
				CODE_SIGN_IDENTITY = "";
				DEFINES_MODULE = YES;
				DYLIB_COMPATIBILITY_VERSION = 1;
				DYLIB_CURRENT_VERSION = 1;
				DYLIB_INSTALL_NAME_BASE = "@rpath";
				INFOPLIST_FILE = ImageDissector/Info.plist;
				INSTALL_PATH = "$(LOCAL_LIBRARY_DIR)/Frameworks";
				IPHONEOS_DEPLOYMENT_TARGET = 9.0;
				LD_RUNPATH_SEARCH_PATHS = "$(inherited) @executable_path/Frameworks @loader_path/Frameworks";
				PRODUCT_BUNDLE_IDENTIFIER = jp.co.chocoyama.ImageDissector;
				PRODUCT_NAME = "$(TARGET_NAME)";
				SKIP_INSTALL = YES;
				SWIFT_OPTIMIZATION_LEVEL = "-Onone";
				SWIFT_VERSION = 3.0;
			};
			name = Debug;
		};
		80A5E7441E1F29D60087AC3B /* Release */ = {
			isa = XCBuildConfiguration;
			buildSettings = {
				CLANG_ENABLE_MODULES = YES;
				CODE_SIGN_IDENTITY = "";
				DEFINES_MODULE = YES;
				DYLIB_COMPATIBILITY_VERSION = 1;
				DYLIB_CURRENT_VERSION = 1;
				DYLIB_INSTALL_NAME_BASE = "@rpath";
				INFOPLIST_FILE = ImageDissector/Info.plist;
				INSTALL_PATH = "$(LOCAL_LIBRARY_DIR)/Frameworks";
				IPHONEOS_DEPLOYMENT_TARGET = 9.0;
				LD_RUNPATH_SEARCH_PATHS = "$(inherited) @executable_path/Frameworks @loader_path/Frameworks";
				PRODUCT_BUNDLE_IDENTIFIER = jp.co.chocoyama.ImageDissector;
				PRODUCT_NAME = "$(TARGET_NAME)";
				SKIP_INSTALL = YES;
				SWIFT_VERSION = 3.0;
			};
			name = Release;
		};
		80A5E7461E1F29D60087AC3B /* Debug */ = {
			isa = XCBuildConfiguration;
			buildSettings = {
				ALWAYS_EMBED_SWIFT_STANDARD_LIBRARIES = YES;
				INFOPLIST_FILE = ImageDissectorTests/Info.plist;
				LD_RUNPATH_SEARCH_PATHS = "$(inherited) @executable_path/Frameworks @loader_path/Frameworks";
				PRODUCT_BUNDLE_IDENTIFIER = jp.co.chocoyama.ImageDissectorTests;
				PRODUCT_NAME = "$(TARGET_NAME)";
				SWIFT_VERSION = 3.0;
			};
			name = Debug;
		};
		80A5E7471E1F29D60087AC3B /* Release */ = {
			isa = XCBuildConfiguration;
			buildSettings = {
				ALWAYS_EMBED_SWIFT_STANDARD_LIBRARIES = YES;
				INFOPLIST_FILE = ImageDissectorTests/Info.plist;
				LD_RUNPATH_SEARCH_PATHS = "$(inherited) @executable_path/Frameworks @loader_path/Frameworks";
				PRODUCT_BUNDLE_IDENTIFIER = jp.co.chocoyama.ImageDissectorTests;
				PRODUCT_NAME = "$(TARGET_NAME)";
				SWIFT_VERSION = 3.0;
			};
			name = Release;
		};
/* End XCBuildConfiguration section */

/* Begin XCConfigurationList section */
		80A5E7281E1F29D60087AC3B /* Build configuration list for PBXProject "ImageDissector" */ = {
			isa = XCConfigurationList;
			buildConfigurations = (
				80A5E7401E1F29D60087AC3B /* Debug */,
				80A5E7411E1F29D60087AC3B /* Release */,
			);
			defaultConfigurationIsVisible = 0;
			defaultConfigurationName = Release;
		};
		80A5E7421E1F29D60087AC3B /* Build configuration list for PBXNativeTarget "ImageDissector" */ = {
			isa = XCConfigurationList;
			buildConfigurations = (
				80A5E7431E1F29D60087AC3B /* Debug */,
				80A5E7441E1F29D60087AC3B /* Release */,
			);
			defaultConfigurationIsVisible = 0;
			defaultConfigurationName = Release;
		};
		80A5E7451E1F29D60087AC3B /* Build configuration list for PBXNativeTarget "ImageDissectorTests" */ = {
			isa = XCConfigurationList;
			buildConfigurations = (
				80A5E7461E1F29D60087AC3B /* Debug */,
				80A5E7471E1F29D60087AC3B /* Release */,
			);
			defaultConfigurationIsVisible = 0;
			defaultConfigurationName = Release;
		};
/* End XCConfigurationList section */
	};
	rootObject = 80A5E7251E1F29D60087AC3B /* Project object */;
}
